
Microsoft Visual Studio Solution File, Format Version 12.00
# Visual Studio 15
VisualStudioVersion = 15.0.26124.0
MinimumVisualStudioVersion = 15.0.26124.0
Project("{9A19103F-16F7-4668-BE54-9A1E7A4F7556}") = "PairingTest.Web", "src\PairingTest.Web\PairingTest.Web.csproj", "{402EBD8B-346C-4351-9E74-9EDAE62425BE}"
EndProject
Project("{9A19103F-16F7-4668-BE54-9A1E7A4F7556}") = "PairingTest.Unit.Tests", "src\PairingTest.Unit.Tests\PairingTest.Unit.Tests.csproj", "{B2006308-EEB7-4957-B504-3081C5469887}"
EndProject
Project("{9A19103F-16F7-4668-BE54-9A1E7A4F7556}") = "PairingTest.WebApi", "src\PairingTest.WebApi\PairingTest.WebApi.csproj", "{FD5496DC-AAD2-46DB-BFC7-4FEE7A85DA56}"
EndProject
Global
	GlobalSection(SolutionConfigurationPlatforms) = preSolution
		Debug|Any CPU = Debug|Any CPU
		Debug|x64 = Debug|x64
		Debug|x86 = Debug|x86
		Release|Any CPU = Release|Any CPU
		Release|x64 = Release|x64
		Release|x86 = Release|x86
	EndGlobalSection
	GlobalSection(ProjectConfigurationPlatforms) = postSolution
		{402EBD8B-346C-4351-9E74-9EDAE62425BE}.Debug|Any CPU.ActiveCfg = Debug|Any CPU
		{402EBD8B-346C-4351-9E74-9EDAE62425BE}.Debug|Any CPU.Build.0 = Debug|Any CPU
		{402EBD8B-346C-4351-9E74-9EDAE62425BE}.Debug|x64.ActiveCfg = Debug|Any CPU
		{402EBD8B-346C-4351-9E74-9EDAE62425BE}.Debug|x64.Build.0 = Debug|Any CPU
		{402EBD8B-346C-4351-9E74-9EDAE62425BE}.Debug|x86.ActiveCfg = Debug|Any CPU
		{402EBD8B-346C-4351-9E74-9EDAE62425BE}.Debug|x86.Build.0 = Debug|Any CPU
		{402EBD8B-346C-4351-9E74-9EDAE62425BE}.Release|Any CPU.ActiveCfg = Release|Any CPU
		{402EBD8B-346C-4351-9E74-9EDAE62425BE}.Release|Any CPU.Build.0 = Release|Any CPU
		{402EBD8B-346C-4351-9E74-9EDAE62425BE}.Release|x64.ActiveCfg = Release|Any CPU
		{402EBD8B-346C-4351-9E74-9EDAE62425BE}.Release|x64.Build.0 = Release|Any CPU
		{402EBD8B-346C-4351-9E74-9EDAE62425BE}.Release|x86.ActiveCfg = Release|Any CPU
		{402EBD8B-346C-4351-9E74-9EDAE62425BE}.Release|x86.Build.0 = Release|Any CPU
		{B2006308-EEB7-4957-B504-3081C5469887}.Debug|Any CPU.ActiveCfg = Debug|Any CPU
		{B2006308-EEB7-4957-B504-3081C5469887}.Debug|Any CPU.Build.0 = Debug|Any CPU
		{B2006308-EEB7-4957-B504-3081C5469887}.Debug|x64.ActiveCfg = Debug|Any CPU
		{B2006308-EEB7-4957-B504-3081C5469887}.Debug|x64.Build.0 = Debug|Any CPU
		{B2006308-EEB7-4957-B504-3081C5469887}.Debug|x86.ActiveCfg = Debug|Any CPU
		{B2006308-EEB7-4957-B504-3081C5469887}.Debug|x86.Build.0 = Debug|Any CPU
		{B2006308-EEB7-4957-B504-3081C5469887}.Release|Any CPU.ActiveCfg = Release|Any CPU
		{B2006308-EEB7-4957-B504-3081C5469887}.Release|Any CPU.Build.0 = Release|Any CPU
		{B2006308-EEB7-4957-B504-3081C5469887}.Release|x64.ActiveCfg = Release|Any CPU
		{B2006308-EEB7-4957-B504-3081C5469887}.Release|x64.Build.0 = Release|Any CPU
		{B2006308-EEB7-4957-B504-3081C5469887}.Release|x86.ActiveCfg = Release|Any CPU
		{B2006308-EEB7-4957-B504-3081C5469887}.Release|x86.Build.0 = Release|Any CPU
		{FD5496DC-AAD2-46DB-BFC7-4FEE7A85DA56}.Debug|Any CPU.ActiveCfg = Debug|Any CPU
		{FD5496DC-AAD2-46DB-BFC7-4FEE7A85DA56}.Debug|Any CPU.Build.0 = Debug|Any CPU
		{FD5496DC-AAD2-46DB-BFC7-4FEE7A85DA56}.Debug|x64.ActiveCfg = Debug|Any CPU
		{FD5496DC-AAD2-46DB-BFC7-4FEE7A85DA56}.Debug|x64.Build.0 = Debug|Any CPU
		{FD5496DC-AAD2-46DB-BFC7-4FEE7A85DA56}.Debug|x86.ActiveCfg = Debug|Any CPU
		{FD5496DC-AAD2-46DB-BFC7-4FEE7A85DA56}.Debug|x86.Build.0 = Debug|Any CPU
		{FD5496DC-AAD2-46DB-BFC7-4FEE7A85DA56}.Release|Any CPU.ActiveCfg = Release|Any CPU
		{FD5496DC-AAD2-46DB-BFC7-4FEE7A85DA56}.Release|Any CPU.Build.0 = Release|Any CPU
		{FD5496DC-AAD2-46DB-BFC7-4FEE7A85DA56}.Release|x64.ActiveCfg = Release|Any CPU
		{FD5496DC-AAD2-46DB-BFC7-4FEE7A85DA56}.Release|x64.Build.0 = Release|Any CPU
		{FD5496DC-AAD2-46DB-BFC7-4FEE7A85DA56}.Release|x86.ActiveCfg = Release|Any CPU
		{FD5496DC-AAD2-46DB-BFC7-4FEE7A85DA56}.Release|x86.Build.0 = Release|Any CPU
	EndGlobalSection
	GlobalSection(SolutionProperties) = preSolution
		HideSolutionNode = FALSE
	EndGlobalSection
	GlobalSection(ExtensibilityGlobals) = postSolution
		SolutionGuid = {734D0CEC-7CA1-42A8-8A49-0CB07AE93C52}
	EndGlobalSection
EndGlobal
